
Microsoft Visual Studio Solution File, Format Version 12.00
# Visual Studio Version 17
VisualStudioVersion = 17.0.31903.59
MinimumVisualStudioVersion = 10.0.40219.1
Project("{FAE04EC0-301F-11D3-BF4B-00C04F79EFBC}") = "Restaurant.Api", "src\Restaurant.Api\Restaurant.Api.csproj", "{BB37291D-7ABC-B0DD-6015-7E435061A1C3}"
EndProject
Project("{FAE04EC0-301F-11D3-BF4B-00C04F79EFBC}") = "Restaurant.Application", "src\Restaurant.Application\Restaurant.Application.csproj", "{B7B3F43F-3EBF-7ADC-6D77-69F1B4B7FDEF}"
EndProject
Project("{FAE04EC0-301F-11D3-BF4B-00C04F79EFBC}") = "Restaurant.Domain", "src\Restaurant.Domain\Restaurant.Domain.csproj", "{25983CD5-A4C9-533F-0C3D-6133BD4BAA04}"
EndProject
Project("{FAE04EC0-301F-11D3-BF4B-00C04F79EFBC}") = "Restaurant.Infrastructure", "src\Restaurant.Infrastructure\Restaurant.Infrastructure.csproj", "{F7BA3E27-52E0-372B-95F1-B01E1AE96819}"
EndProject
Global
	GlobalSection(SolutionConfigurationPlatforms) = preSolution
		Debug|Any CPU = Debug|Any CPU
		Release|Any CPU = Release|Any CPU
	EndGlobalSection
	GlobalSection(ProjectConfigurationPlatforms) = postSolution
		{BB37291D-7ABC-B0DD-6015-7E435061A1C3}.Debug|Any CPU.ActiveCfg = Debug|Any CPU
		{BB37291D-7ABC-B0DD-6015-7E435061A1C3}.Debug|Any CPU.Build.0 = Debug|Any CPU
		{BB37291D-7ABC-B0DD-6015-7E435061A1C3}.Release|Any CPU.ActiveCfg = Release|Any CPU
		{BB37291D-7ABC-B0DD-6015-7E435061A1C3}.Release|Any CPU.Build.0 = Release|Any CPU
		{B7B3F43F-3EBF-7ADC-6D77-69F1B4B7FDEF}.Debug|Any CPU.ActiveCfg = Debug|Any CPU
		{B7B3F43F-3EBF-7ADC-6D77-69F1B4B7FDEF}.Debug|Any CPU.Build.0 = Debug|Any CPU
		{B7B3F43F-3EBF-7ADC-6D77-69F1B4B7FDEF}.Release|Any CPU.ActiveCfg = Release|Any CPU
		{B7B3F43F-3EBF-7ADC-6D77-69F1B4B7FDEF}.Release|Any CPU.Build.0 = Release|Any CPU
		{25983CD5-A4C9-533F-0C3D-6133BD4BAA04}.Debug|Any CPU.ActiveCfg = Debug|Any CPU
		{25983CD5-A4C9-533F-0C3D-6133BD4BAA04}.Debug|Any CPU.Build.0 = Debug|Any CPU
		{25983CD5-A4C9-533F-0C3D-6133BD4BAA04}.Release|Any CPU.ActiveCfg = Release|Any CPU
		{25983CD5-A4C9-533F-0C3D-6133BD4BAA04}.Release|Any CPU.Build.0 = Release|Any CPU
		{F7BA3E27-52E0-372B-95F1-B01E1AE96819}.Debug|Any CPU.ActiveCfg = Debug|Any CPU
		{F7BA3E27-52E0-372B-95F1-B01E1AE96819}.Debug|Any CPU.Build.0 = Debug|Any CPU
		{F7BA3E27-52E0-372B-95F1-B01E1AE96819}.Release|Any CPU.ActiveCfg = Release|Any CPU
		{F7BA3E27-52E0-372B-95F1-B01E1AE96819}.Release|Any CPU.Build.0 = Release|Any CPU
	EndGlobalSection
	GlobalSection(SolutionProperties) = preSolution
		HideSolutionNode = FALSE
	EndGlobalSection
	GlobalSection(ExtensibilityGlobals) = postSolution
		SolutionGuid = {96309767-CE9A-4511-86EF-A1E23DCEB96B}
	EndGlobalSection
EndGlobal
